
Microsoft Visual Studio Solution File, Format Version 12.00
# Visual Studio 15
VisualStudioVersion = 15.0.26228.12
MinimumVisualStudioVersion = 10.0.40219.1
Project("{FAE04EC0-301F-11D3-BF4B-00C04F79EFBC}") = "HelloMC01", "HelloMC01\HelloMC01\HelloMC01.csproj", "{A788193D-C0CC-49CF-88E9-659D52B5C8FA}"
EndProject
Project("{FAE04EC0-301F-11D3-BF4B-00C04F79EFBC}") = "HelloMC01.TizenMobile", "HelloMC01\HelloMC01.TizenMobile\HelloMC01.TizenMobile.csproj", "{4E7CC19C-638D-434E-98E3-5E3E6B04707C}"
EndProject
Global
	GlobalSection(SolutionConfigurationPlatforms) = preSolution
		Debug|Any CPU = Debug|Any CPU
		Release|Any CPU = Release|Any CPU
	EndGlobalSection
	GlobalSection(ProjectConfigurationPlatforms) = postSolution
		{A788193D-C0CC-49CF-88E9-659D52B5C8FA}.Debug|Any CPU.ActiveCfg = Debug|Any CPU
		{A788193D-C0CC-49CF-88E9-659D52B5C8FA}.Debug|Any CPU.Build.0 = Debug|Any CPU
		{A788193D-C0CC-49CF-88E9-659D52B5C8FA}.Release|Any CPU.ActiveCfg = Release|Any CPU
		{A788193D-C0CC-49CF-88E9-659D52B5C8FA}.Release|Any CPU.Build.0 = Release|Any CPU
		{4E7CC19C-638D-434E-98E3-5E3E6B04707C}.Debug|Any CPU.ActiveCfg = Debug|Any CPU
		{4E7CC19C-638D-434E-98E3-5E3E6B04707C}.Debug|Any CPU.Build.0 = Debug|Any CPU
		{4E7CC19C-638D-434E-98E3-5E3E6B04707C}.Release|Any CPU.ActiveCfg = Release|Any CPU
		{4E7CC19C-638D-434E-98E3-5E3E6B04707C}.Release|Any CPU.Build.0 = Release|Any CPU
	EndGlobalSection
	GlobalSection(SolutionProperties) = preSolution
		HideSolutionNode = FALSE
	EndGlobalSection
EndGlobal
